// !$*UTF8*$!
{
	archiveVersion = 1;
	classes = {
	};
	objectVersion = 56;
	objects = {

/* Begin PBXBuildFile section */
		6576AE142982E4060041922C /* GithubSwitfUIApp.swift in Sources */ = {isa = PBXBuildFile; fileRef = 6576AE132982E4060041922C /* GithubSwitfUIApp.swift */; };
		6576AE162982E4060041922C /* ContentView.swift in Sources */ = {isa = PBXBuildFile; fileRef = 6576AE152982E4060041922C /* ContentView.swift */; };
		6576AE182982E4080041922C /* Assets.xcassets in Resources */ = {isa = PBXBuildFile; fileRef = 6576AE172982E4080041922C /* Assets.xcassets */; };
		6576AE1B2982E4080041922C /* Preview Assets.xcassets in Resources */ = {isa = PBXBuildFile; fileRef = 6576AE1A2982E4080041922C /* Preview Assets.xcassets */; };
		6576AE252982E4080041922C /* GithubSwitfUITests.swift in Sources */ = {isa = PBXBuildFile; fileRef = 6576AE242982E4080041922C /* GithubSwitfUITests.swift */; };
		6576AE2F2982E4080041922C /* GithubSwitfUIUITests.swift in Sources */ = {isa = PBXBuildFile; fileRef = 6576AE2E2982E4080041922C /* GithubSwitfUIUITests.swift */; };
		6576AE312982E4080041922C /* GithubSwitfUIUITestsLaunchTests.swift in Sources */ = {isa = PBXBuildFile; fileRef = 6576AE302982E4080041922C /* GithubSwitfUIUITestsLaunchTests.swift */; };
/* End PBXBuildFile section */

/* Begin PBXContainerItemProxy section */
		6576AE212982E4080041922C /* PBXContainerItemProxy */ = {
			isa = PBXContainerItemProxy;
			containerPortal = 6576AE082982E4060041922C /* Project object */;
			proxyType = 1;
			remoteGlobalIDString = 6576AE0F2982E4060041922C;
			remoteInfo = GithubSwitfUI;
		};
		6576AE2B2982E4080041922C /* PBXContainerItemProxy */ = {
			isa = PBXContainerItemProxy;
			containerPortal = 6576AE082982E4060041922C /* Project object */;
			proxyType = 1;
			remoteGlobalIDString = 6576AE0F2982E4060041922C;
			remoteInfo = GithubSwitfUI;
		};
/* End PBXContainerItemProxy section */

/* Begin PBXFileReference section */
		6576AE102982E4060041922C /* GithubSwitfUI.app */ = {isa = PBXFileReference; explicitFileType = wrapper.application; includeInIndex = 0; path = GithubSwitfUI.app; sourceTree = BUILT_PRODUCTS_DIR; };
		6576AE132982E4060041922C /* GithubSwitfUIApp.swift */ = {isa = PBXFileReference; lastKnownFileType = sourcecode.swift; path = GithubSwitfUIApp.swift; sourceTree = "<group>"; };
		6576AE152982E4060041922C /* ContentView.swift */ = {isa = PBXFileReference; lastKnownFileType = sourcecode.swift; path = ContentView.swift; sourceTree = "<group>"; };
		6576AE172982E4080041922C /* Assets.xcassets */ = {isa = PBXFileReference; lastKnownFileType = folder.assetcatalog; path = Assets.xcassets; sourceTree = "<group>"; };
		6576AE1A2982E4080041922C /* Preview Assets.xcassets */ = {isa = PBXFileReference; lastKnownFileType = folder.assetcatalog; path = "Preview Assets.xcassets"; sourceTree = "<group>"; };
		6576AE202982E4080041922C /* GithubSwitfUITests.xctest */ = {isa = PBXFileReference; explicitFileType = wrapper.cfbundle; includeInIndex = 0; path = GithubSwitfUITests.xctest; sourceTree = BUILT_PRODUCTS_DIR; };
		6576AE242982E4080041922C /* GithubSwitfUITests.swift */ = {isa = PBXFileReference; lastKnownFileType = sourcecode.swift; path = GithubSwitfUITests.swift; sourceTree = "<group>"; };
		6576AE2A2982E4080041922C /* GithubSwitfUIUITests.xctest */ = {isa = PBXFileReference; explicitFileType = wrapper.cfbundle; includeInIndex = 0; path = GithubSwitfUIUITests.xctest; sourceTree = BUILT_PRODUCTS_DIR; };
		6576AE2E2982E4080041922C /* GithubSwitfUIUITests.swift */ = {isa = PBXFileReference; lastKnownFileType = sourcecode.swift; path = GithubSwitfUIUITests.swift; sourceTree = "<group>"; };
		6576AE302982E4080041922C /* GithubSwitfUIUITestsLaunchTests.swift */ = {isa = PBXFileReference; lastKnownFileType = sourcecode.swift; path = GithubSwitfUIUITestsLaunchTests.swift; sourceTree = "<group>"; };
/* End PBXFileReference section */

/* Begin PBXFrameworksBuildPhase section */
		6576AE0D2982E4060041922C /* Frameworks */ = {
			isa = PBXFrameworksBuildPhase;
			buildActionMask = 2147483647;
			files = (
			);
			runOnlyForDeploymentPostprocessing = 0;
		};
		6576AE1D2982E4080041922C /* Frameworks */ = {
			isa = PBXFrameworksBuildPhase;
			buildActionMask = 2147483647;
			files = (
			);
			runOnlyForDeploymentPostprocessing = 0;
		};
		6576AE272982E4080041922C /* Frameworks */ = {
			isa = PBXFrameworksBuildPhase;
			buildActionMask = 2147483647;
			files = (
			);
			runOnlyForDeploymentPostprocessing = 0;
		};
/* End PBXFrameworksBuildPhase section */

/* Begin PBXGroup section */
		6576AE072982E4060041922C = {
			isa = PBXGroup;
			children = (
				6576AE122982E4060041922C /* GithubSwitfUI */,
				6576AE232982E4080041922C /* GithubSwitfUITests */,
				6576AE2D2982E4080041922C /* GithubSwitfUIUITests */,
				6576AE112982E4060041922C /* Products */,
			);
			sourceTree = "<group>";
		};
		6576AE112982E4060041922C /* Products */ = {
			isa = PBXGroup;
			children = (
				6576AE102982E4060041922C /* GithubSwitfUI.app */,
				6576AE202982E4080041922C /* GithubSwitfUITests.xctest */,
				6576AE2A2982E4080041922C /* GithubSwitfUIUITests.xctest */,
			);
			name = Products;
			sourceTree = "<group>";
		};
		6576AE122982E4060041922C /* GithubSwitfUI */ = {
			isa = PBXGroup;
			children = (
				6576AE132982E4060041922C /* GithubSwitfUIApp.swift */,
				6576AE152982E4060041922C /* ContentView.swift */,
				6576AE172982E4080041922C /* Assets.xcassets */,
				6576AE192982E4080041922C /* Preview Content */,
			);
			path = GithubSwitfUI;
			sourceTree = "<group>";
		};
		6576AE192982E4080041922C /* Preview Content */ = {
			isa = PBXGroup;
			children = (
				6576AE1A2982E4080041922C /* Preview Assets.xcassets */,
			);
			path = "Preview Content";
			sourceTree = "<group>";
		};
		6576AE232982E4080041922C /* GithubSwitfUITests */ = {
			isa = PBXGroup;
			children = (
				6576AE242982E4080041922C /* GithubSwitfUITests.swift */,
			);
			path = GithubSwitfUITests;
			sourceTree = "<group>";
		};
		6576AE2D2982E4080041922C /* GithubSwitfUIUITests */ = {
			isa = PBXGroup;
			children = (
				6576AE2E2982E4080041922C /* GithubSwitfUIUITests.swift */,
				6576AE302982E4080041922C /* GithubSwitfUIUITestsLaunchTests.swift */,
			);
			path = GithubSwitfUIUITests;
			sourceTree = "<group>";
		};
/* End PBXGroup section */

/* Begin PBXNativeTarget section */
		6576AE0F2982E4060041922C /* GithubSwitfUI */ = {
			isa = PBXNativeTarget;
			buildConfigurationList = 6576AE342982E4080041922C /* Build configuration list for PBXNativeTarget "GithubSwitfUI" */;
			buildPhases = (
				6576AE0C2982E4060041922C /* Sources */,
				6576AE0D2982E4060041922C /* Frameworks */,
				6576AE0E2982E4060041922C /* Resources */,
			);
			buildRules = (
			);
			dependencies = (
			);
			name = GithubSwitfUI;
			productName = GithubSwitfUI;
			productReference = 6576AE102982E4060041922C /* GithubSwitfUI.app */;
			productType = "com.apple.product-type.application";
		};
		6576AE1F2982E4080041922C /* GithubSwitfUITests */ = {
			isa = PBXNativeTarget;
			buildConfigurationList = 6576AE372982E4080041922C /* Build configuration list for PBXNativeTarget "GithubSwitfUITests" */;
			buildPhases = (
				6576AE1C2982E4080041922C /* Sources */,
				6576AE1D2982E4080041922C /* Frameworks */,
				6576AE1E2982E4080041922C /* Resources */,
			);
			buildRules = (
			);
			dependencies = (
				6576AE222982E4080041922C /* PBXTargetDependency */,
			);
			name = GithubSwitfUITests;
			productName = GithubSwitfUITests;
			productReference = 6576AE202982E4080041922C /* GithubSwitfUITests.xctest */;
			productType = "com.apple.product-type.bundle.unit-test";
		};
		6576AE292982E4080041922C /* GithubSwitfUIUITests */ = {
			isa = PBXNativeTarget;
			buildConfigurationList = 6576AE3A2982E4080041922C /* Build configuration list for PBXNativeTarget "GithubSwitfUIUITests" */;
			buildPhases = (
				6576AE262982E4080041922C /* Sources */,
				6576AE272982E4080041922C /* Frameworks */,
				6576AE282982E4080041922C /* Resources */,
			);
			buildRules = (
			);
			dependencies = (
				6576AE2C2982E4080041922C /* PBXTargetDependency */,
			);
			name = GithubSwitfUIUITests;
			productName = GithubSwitfUIUITests;
			productReference = 6576AE2A2982E4080041922C /* GithubSwitfUIUITests.xctest */;
			productType = "com.apple.product-type.bundle.ui-testing";
		};
/* End PBXNativeTarget section */

/* Begin PBXProject section */
		6576AE082982E4060041922C /* Project object */ = {
			isa = PBXProject;
			attributes = {
				BuildIndependentTargetsInParallel = 1;
				LastSwiftUpdateCheck = 1420;
				LastUpgradeCheck = 1420;
				TargetAttributes = {
					6576AE0F2982E4060041922C = {
						CreatedOnToolsVersion = 14.2;
					};
					6576AE1F2982E4080041922C = {
						CreatedOnToolsVersion = 14.2;
						TestTargetID = 6576AE0F2982E4060041922C;
					};
					6576AE292982E4080041922C = {
						CreatedOnToolsVersion = 14.2;
						TestTargetID = 6576AE0F2982E4060041922C;
					};
				};
			};
			buildConfigurationList = 6576AE0B2982E4060041922C /* Build configuration list for PBXProject "GithubSwitfUI" */;
			compatibilityVersion = "Xcode 14.0";
			developmentRegion = en;
			hasScannedForEncodings = 0;
			knownRegions = (
				en,
				Base,
			);
			mainGroup = 6576AE072982E4060041922C;
			productRefGroup = 6576AE112982E4060041922C /* Products */;
			projectDirPath = "";
			projectRoot = "";
			targets = (
				6576AE0F2982E4060041922C /* GithubSwitfUI */,
				6576AE1F2982E4080041922C /* GithubSwitfUITests */,
				6576AE292982E4080041922C /* GithubSwitfUIUITests */,
			);
		};
/* End PBXProject section */

/* Begin PBXResourcesBuildPhase section */
		6576AE0E2982E4060041922C /* Resources */ = {
			isa = PBXResourcesBuildPhase;
			buildActionMask = 2147483647;
			files = (
				6576AE1B2982E4080041922C /* Preview Assets.xcassets in Resources */,
				6576AE182982E4080041922C /* Assets.xcassets in Resources */,
			);
			runOnlyForDeploymentPostprocessing = 0;
		};
		6576AE1E2982E4080041922C /* Resources */ = {
			isa = PBXResourcesBuildPhase;
			buildActionMask = 2147483647;
			files = (
			);
			runOnlyForDeploymentPostprocessing = 0;
		};
		6576AE282982E4080041922C /* Resources */ = {
			isa = PBXResourcesBuildPhase;
			buildActionMask = 2147483647;
			files = (
			);
			runOnlyForDeploymentPostprocessing = 0;
		};
/* End PBXResourcesBuildPhase section */

/* Begin PBXSourcesBuildPhase section */
		6576AE0C2982E4060041922C /* Sources */ = {
			isa = PBXSourcesBuildPhase;
			buildActionMask = 2147483647;
			files = (
				6576AE162982E4060041922C /* ContentView.swift in Sources */,
				6576AE142982E4060041922C /* GithubSwitfUIApp.swift in Sources */,
			);
			runOnlyForDeploymentPostprocessing = 0;
		};
		6576AE1C2982E4080041922C /* Sources */ = {
			isa = PBXSourcesBuildPhase;
			buildActionMask = 2147483647;
			files = (
				6576AE252982E4080041922C /* GithubSwitfUITests.swift in Sources */,
			);
			runOnlyForDeploymentPostprocessing = 0;
		};
		6576AE262982E4080041922C /* Sources */ = {
			isa = PBXSourcesBuildPhase;
			buildActionMask = 2147483647;
			files = (
				6576AE2F2982E4080041922C /* GithubSwitfUIUITests.swift in Sources */,
				6576AE312982E4080041922C /* GithubSwitfUIUITestsLaunchTests.swift in Sources */,
			);
			runOnlyForDeploymentPostprocessing = 0;
		};
/* End PBXSourcesBuildPhase section */

/* Begin PBXTargetDependency section */
		6576AE222982E4080041922C /* PBXTargetDependency */ = {
			isa = PBXTargetDependency;
			target = 6576AE0F2982E4060041922C /* GithubSwitfUI */;
			targetProxy = 6576AE212982E4080041922C /* PBXContainerItemProxy */;
		};
		6576AE2C2982E4080041922C /* PBXTargetDependency */ = {
			isa = PBXTargetDependency;
			target = 6576AE0F2982E4060041922C /* GithubSwitfUI */;
			targetProxy = 6576AE2B2982E4080041922C /* PBXContainerItemProxy */;
		};
/* End PBXTargetDependency section */

/* Begin XCBuildConfiguration section */
		6576AE322982E4080041922C /* Debug */ = {
			isa = XCBuildConfiguration;
			buildSettings = {
				ALWAYS_SEARCH_USER_PATHS = NO;
				CLANG_ANALYZER_NONNULL = YES;
				CLANG_ANALYZER_NUMBER_OBJECT_CONVERSION = YES_AGGRESSIVE;
				CLANG_CXX_LANGUAGE_STANDARD = "gnu++20";
				CLANG_ENABLE_MODULES = YES;
				CLANG_ENABLE_OBJC_ARC = YES;
				CLANG_ENABLE_OBJC_WEAK = YES;
				CLANG_WARN_BLOCK_CAPTURE_AUTORELEASING = YES;
				CLANG_WARN_BOOL_CONVERSION = YES;
				CLANG_WARN_COMMA = YES;
				CLANG_WARN_CONSTANT_CONVERSION = YES;
				CLANG_WARN_DEPRECATED_OBJC_IMPLEMENTATIONS = YES;
				CLANG_WARN_DIRECT_OBJC_ISA_USAGE = YES_ERROR;
				CLANG_WARN_DOCUMENTATION_COMMENTS = YES;
				CLANG_WARN_EMPTY_BODY = YES;
				CLANG_WARN_ENUM_CONVERSION = YES;
				CLANG_WARN_INFINITE_RECURSION = YES;
				CLANG_WARN_INT_CONVERSION = YES;
				CLANG_WARN_NON_LITERAL_NULL_CONVERSION = YES;
				CLANG_WARN_OBJC_IMPLICIT_RETAIN_SELF = YES;
				CLANG_WARN_OBJC_LITERAL_CONVERSION = YES;
				CLANG_WARN_OBJC_ROOT_CLASS = YES_ERROR;
				CLANG_WARN_QUOTED_INCLUDE_IN_FRAMEWORK_HEADER = YES;
				CLANG_WARN_RANGE_LOOP_ANALYSIS = YES;
				CLANG_WARN_STRICT_PROTOTYPES = YES;
				CLANG_WARN_SUSPICIOUS_MOVE = YES;
				CLANG_WARN_UNGUARDED_AVAILABILITY = YES_AGGRESSIVE;
				CLANG_WARN_UNREACHABLE_CODE = YES;
				CLANG_WARN__DUPLICATE_METHOD_MATCH = YES;
				COPY_PHASE_STRIP = NO;
				DEBUG_INFORMATION_FORMAT = dwarf;
				ENABLE_STRICT_OBJC_MSGSEND = YES;
				ENABLE_TESTABILITY = YES;
				GCC_C_LANGUAGE_STANDARD = gnu11;
				GCC_DYNAMIC_NO_PIC = NO;
				GCC_NO_COMMON_BLOCKS = YES;
				GCC_OPTIMIZATION_LEVEL = 0;
				GCC_PREPROCESSOR_DEFINITIONS = (
					"DEBUG=1",
					"$(inherited)",
				);
				GCC_WARN_64_TO_32_BIT_CONVERSION = YES;
				GCC_WARN_ABOUT_RETURN_TYPE = YES_ERROR;
				GCC_WARN_UNDECLARED_SELECTOR = YES;
				GCC_WARN_UNINITIALIZED_AUTOS = YES_AGGRESSIVE;
				GCC_WARN_UNUSED_FUNCTION = YES;
				GCC_WARN_UNUSED_VARIABLE = YES;
				IPHONEOS_DEPLOYMENT_TARGET = 16.2;
				MTL_ENABLE_DEBUG_INFO = INCLUDE_SOURCE;
				MTL_FAST_MATH = YES;
				ONLY_ACTIVE_ARCH = YES;
				SDKROOT = iphoneos;
				SWIFT_ACTIVE_COMPILATION_CONDITIONS = DEBUG;
				SWIFT_OPTIMIZATION_LEVEL = "-Onone";
			};
			name = Debug;
		};
		6576AE332982E4080041922C /* Release */ = {
			isa = XCBuildConfiguration;
			buildSettings = {
				ALWAYS_SEARCH_USER_PATHS = NO;
				CLANG_ANALYZER_NONNULL = YES;
				CLANG_ANALYZER_NUMBER_OBJECT_CONVERSION = YES_AGGRESSIVE;
				CLANG_CXX_LANGUAGE_STANDARD = "gnu++20";
				CLANG_ENABLE_MODULES = YES;
				CLANG_ENABLE_OBJC_ARC = YES;
				CLANG_ENABLE_OBJC_WEAK = YES;
				CLANG_WARN_BLOCK_CAPTURE_AUTORELEASING = YES;
				CLANG_WARN_BOOL_CONVERSION = YES;
				CLANG_WARN_COMMA = YES;
				CLANG_WARN_CONSTANT_CONVERSION = YES;
				CLANG_WARN_DEPRECATED_OBJC_IMPLEMENTATIONS = YES;
				CLANG_WARN_DIRECT_OBJC_ISA_USAGE = YES_ERROR;
				CLANG_WARN_DOCUMENTATION_COMMENTS = YES;
				CLANG_WARN_EMPTY_BODY = YES;
				CLANG_WARN_ENUM_CONVERSION = YES;
				CLANG_WARN_INFINITE_RECURSION = YES;
				CLANG_WARN_INT_CONVERSION = YES;
				CLANG_WARN_NON_LITERAL_NULL_CONVERSION = YES;
				CLANG_WARN_OBJC_IMPLICIT_RETAIN_SELF = YES;
				CLANG_WARN_OBJC_LITERAL_CONVERSION = YES;
				CLANG_WARN_OBJC_ROOT_CLASS = YES_ERROR;
				CLANG_WARN_QUOTED_INCLUDE_IN_FRAMEWORK_HEADER = YES;
				CLANG_WARN_RANGE_LOOP_ANALYSIS = YES;
				CLANG_WARN_STRICT_PROTOTYPES = YES;
				CLANG_WARN_SUSPICIOUS_MOVE = YES;
				CLANG_WARN_UNGUARDED_AVAILABILITY = YES_AGGRESSIVE;
				CLANG_WARN_UNREACHABLE_CODE = YES;
				CLANG_WARN__DUPLICATE_METHOD_MATCH = YES;
				COPY_PHASE_STRIP = NO;
				DEBUG_INFORMATION_FORMAT = "dwarf-with-dsym";
				ENABLE_NS_ASSERTIONS = NO;
				ENABLE_STRICT_OBJC_MSGSEND = YES;
				GCC_C_LANGUAGE_STANDARD = gnu11;
				GCC_NO_COMMON_BLOCKS = YES;
				GCC_WARN_64_TO_32_BIT_CONVERSION = YES;
				GCC_WARN_ABOUT_RETURN_TYPE = YES_ERROR;
				GCC_WARN_UNDECLARED_SELECTOR = YES;
				GCC_WARN_UNINITIALIZED_AUTOS = YES_AGGRESSIVE;
				GCC_WARN_UNUSED_FUNCTION = YES;
				GCC_WARN_UNUSED_VARIABLE = YES;
				IPHONEOS_DEPLOYMENT_TARGET = 16.2;
				MTL_ENABLE_DEBUG_INFO = NO;
				MTL_FAST_MATH = YES;
				SDKROOT = iphoneos;
				SWIFT_COMPILATION_MODE = wholemodule;
				SWIFT_OPTIMIZATION_LEVEL = "-O";
				VALIDATE_PRODUCT = YES;
			};
			name = Release;
		};
		6576AE352982E4080041922C /* Debug */ = {
			isa = XCBuildConfiguration;
			buildSettings = {
				ASSETCATALOG_COMPILER_APPICON_NAME = AppIcon;
				ASSETCATALOG_COMPILER_GLOBAL_ACCENT_COLOR_NAME = AccentColor;
				CODE_SIGN_STYLE = Automatic;
				CURRENT_PROJECT_VERSION = 1;
				DEVELOPMENT_ASSET_PATHS = "\"GithubSwitfUI/Preview Content\"";
				ENABLE_PREVIEWS = YES;
				GENERATE_INFOPLIST_FILE = YES;
				INFOPLIST_KEY_UIApplicationSceneManifest_Generation = YES;
				INFOPLIST_KEY_UIApplicationSupportsIndirectInputEvents = YES;
				INFOPLIST_KEY_UILaunchScreen_Generation = YES;
				INFOPLIST_KEY_UISupportedInterfaceOrientations_iPad = "UIInterfaceOrientationPortrait UIInterfaceOrientationPortraitUpsideDown UIInterfaceOrientationLandscapeLeft UIInterfaceOrientationLandscapeRight";
				INFOPLIST_KEY_UISupportedInterfaceOrientations_iPhone = "UIInterfaceOrientationPortrait UIInterfaceOrientationLandscapeLeft UIInterfaceOrientationLandscapeRight";
				LD_RUNPATH_SEARCH_PATHS = (
					"$(inherited)",
					"@executable_path/Frameworks",
				);
				MARKETING_VERSION = 1.0;
				PRODUCT_BUNDLE_IDENTIFIER = com.coda.GithubSwitfUI;
				PRODUCT_NAME = "$(TARGET_NAME)";
				SWIFT_EMIT_LOC_STRINGS = YES;
				SWIFT_VERSION = 5.0;
				TARGETED_DEVICE_FAMILY = "1,2";
			};
			name = Debug;
		};
		6576AE362982E4080041922C /* Release */ = {
			isa = XCBuildConfiguration;
			buildSettings = {
				ASSETCATALOG_COMPILER_APPICON_NAME = AppIcon;
				ASSETCATALOG_COMPILER_GLOBAL_ACCENT_COLOR_NAME = AccentColor;
				CODE_SIGN_STYLE = Automatic;
				CURRENT_PROJECT_VERSION = 1;
				DEVELOPMENT_ASSET_PATHS = "\"GithubSwitfUI/Preview Content\"";
				ENABLE_PREVIEWS = YES;
				GENERATE_INFOPLIST_FILE = YES;
				INFOPLIST_KEY_UIApplicationSceneManifest_Generation = YES;
				INFOPLIST_KEY_UIApplicationSupportsIndirectInputEvents = YES;
				INFOPLIST_KEY_UILaunchScreen_Generation = YES;
				INFOPLIST_KEY_UISupportedInterfaceOrientations_iPad = "UIInterfaceOrientationPortrait UIInterfaceOrientationPortraitUpsideDown UIInterfaceOrientationLandscapeLeft UIInterfaceOrientationLandscapeRight";
				INFOPLIST_KEY_UISupportedInterfaceOrientations_iPhone = "UIInterfaceOrientationPortrait UIInterfaceOrientationLandscapeLeft UIInterfaceOrientationLandscapeRight";
				LD_RUNPATH_SEARCH_PATHS = (
					"$(inherited)",
					"@executable_path/Frameworks",
				);
				MARKETING_VERSION = 1.0;
				PRODUCT_BUNDLE_IDENTIFIER = com.coda.GithubSwitfUI;
				PRODUCT_NAME = "$(TARGET_NAME)";
				SWIFT_EMIT_LOC_STRINGS = YES;
				SWIFT_VERSION = 5.0;
				TARGETED_DEVICE_FAMILY = "1,2";
			};
			name = Release;
		};
		6576AE382982E4080041922C /* Debug */ = {
			isa = XCBuildConfiguration;
			buildSettings = {
				ALWAYS_EMBED_SWIFT_STANDARD_LIBRARIES = YES;
				BUNDLE_LOADER = "$(TEST_HOST)";
				CODE_SIGN_STYLE = Automatic;
				CURRENT_PROJECT_VERSION = 1;
				GENERATE_INFOPLIST_FILE = YES;
				IPHONEOS_DEPLOYMENT_TARGET = 16.2;
				MARKETING_VERSION = 1.0;
				PRODUCT_BUNDLE_IDENTIFIER = com.coda.GithubSwitfUITests;
				PRODUCT_NAME = "$(TARGET_NAME)";
				SWIFT_EMIT_LOC_STRINGS = NO;
				SWIFT_VERSION = 5.0;
				TARGETED_DEVICE_FAMILY = "1,2";
				TEST_HOST = "$(BUILT_PRODUCTS_DIR)/GithubSwitfUI.app/$(BUNDLE_EXECUTABLE_FOLDER_PATH)/GithubSwitfUI";
			};
			name = Debug;
		};
		6576AE392982E4080041922C /* Release */ = {
			isa = XCBuildConfiguration;
			buildSettings = {
				ALWAYS_EMBED_SWIFT_STANDARD_LIBRARIES = YES;
				BUNDLE_LOADER = "$(TEST_HOST)";
				CODE_SIGN_STYLE = Automatic;
				CURRENT_PROJECT_VERSION = 1;
				GENERATE_INFOPLIST_FILE = YES;
				IPHONEOS_DEPLOYMENT_TARGET = 16.2;
				MARKETING_VERSION = 1.0;
				PRODUCT_BUNDLE_IDENTIFIER = com.coda.GithubSwitfUITests;
				PRODUCT_NAME = "$(TARGET_NAME)";
				SWIFT_EMIT_LOC_STRINGS = NO;
				SWIFT_VERSION = 5.0;
				TARGETED_DEVICE_FAMILY = "1,2";
				TEST_HOST = "$(BUILT_PRODUCTS_DIR)/GithubSwitfUI.app/$(BUNDLE_EXECUTABLE_FOLDER_PATH)/GithubSwitfUI";
			};
			name = Release;
		};
		6576AE3B2982E4080041922C /* Debug */ = {
			isa = XCBuildConfiguration;
			buildSettings = {
				ALWAYS_EMBED_SWIFT_STANDARD_LIBRARIES = YES;
				CODE_SIGN_STYLE = Automatic;
				CURRENT_PROJECT_VERSION = 1;
				GENERATE_INFOPLIST_FILE = YES;
				MARKETING_VERSION = 1.0;
				PRODUCT_BUNDLE_IDENTIFIER = com.coda.GithubSwitfUIUITests;
				PRODUCT_NAME = "$(TARGET_NAME)";
				SWIFT_EMIT_LOC_STRINGS = NO;
				SWIFT_VERSION = 5.0;
				TARGETED_DEVICE_FAMILY = "1,2";
				TEST_TARGET_NAME = GithubSwitfUI;
			};
			name = Debug;
		};
		6576AE3C2982E4080041922C /* Release */ = {
			isa = XCBuildConfiguration;
			buildSettings = {
				ALWAYS_EMBED_SWIFT_STANDARD_LIBRARIES = YES;
				CODE_SIGN_STYLE = Automatic;
				CURRENT_PROJECT_VERSION = 1;
				GENERATE_INFOPLIST_FILE = YES;
				MARKETING_VERSION = 1.0;
				PRODUCT_BUNDLE_IDENTIFIER = com.coda.GithubSwitfUIUITests;
				PRODUCT_NAME = "$(TARGET_NAME)";
				SWIFT_EMIT_LOC_STRINGS = NO;
				SWIFT_VERSION = 5.0;
				TARGETED_DEVICE_FAMILY = "1,2";
				TEST_TARGET_NAME = GithubSwitfUI;
			};
			name = Release;
		};
/* End XCBuildConfiguration section */

/* Begin XCConfigurationList section */
		6576AE0B2982E4060041922C /* Build configuration list for PBXProject "GithubSwitfUI" */ = {
			isa = XCConfigurationList;
			buildConfigurations = (
				6576AE322982E4080041922C /* Debug */,
				6576AE332982E4080041922C /* Release */,
			);
			defaultConfigurationIsVisible = 0;
			defaultConfigurationName = Release;
		};
		6576AE342982E4080041922C /* Build configuration list for PBXNativeTarget "GithubSwitfUI" */ = {
			isa = XCConfigurationList;
			buildConfigurations = (
				6576AE352982E4080041922C /* Debug */,
				6576AE362982E4080041922C /* Release */,
			);
			defaultConfigurationIsVisible = 0;
			defaultConfigurationName = Release;
		};
		6576AE372982E4080041922C /* Build configuration list for PBXNativeTarget "GithubSwitfUITests" */ = {
			isa = XCConfigurationList;
			buildConfigurations = (
				6576AE382982E4080041922C /* Debug */,
				6576AE392982E4080041922C /* Release */,
			);
			defaultConfigurationIsVisible = 0;
			defaultConfigurationName = Release;
		};
		6576AE3A2982E4080041922C /* Build configuration list for PBXNativeTarget "GithubSwitfUIUITests" */ = {
			isa = XCConfigurationList;
			buildConfigurations = (
				6576AE3B2982E4080041922C /* Debug */,
				6576AE3C2982E4080041922C /* Release */,
			);
			defaultConfigurationIsVisible = 0;
			defaultConfigurationName = Release;
		};
/* End XCConfigurationList section */
	};
	rootObject = 6576AE082982E4060041922C /* Project object */;
}
